
Microsoft Visual Studio Solution File, Format Version 12.00
# Visual Studio Version 16
VisualStudioVersion = 16.0.31613.86
MinimumVisualStudioVersion = 10.0.40219.1
Project("{FAE04EC0-301F-11D3-BF4B-00C04F79EFBC}") = "PetStoreProject", "PetStoreProject\PetStoreProject.csproj", "{08BBB367-D693-44EC-92E9-FF0089225622}"
EndProject
Global
	GlobalSection(SolutionConfigurationPlatforms) = preSolution
		Debug|Any CPU = Debug|Any CPU
		Release|Any CPU = Release|Any CPU
	EndGlobalSection
	GlobalSection(ProjectConfigurationPlatforms) = postSolution
		{08BBB367-D693-44EC-92E9-FF0089225622}.Debug|Any CPU.ActiveCfg = Debug|Any CPU
		{08BBB367-D693-44EC-92E9-FF0089225622}.Debug|Any CPU.Build.0 = Debug|Any CPU
		{08BBB367-D693-44EC-92E9-FF0089225622}.Release|Any CPU.ActiveCfg = Release|Any CPU
		{08BBB367-D693-44EC-92E9-FF0089225622}.Release|Any CPU.Build.0 = Release|Any CPU
	EndGlobalSection
	GlobalSection(SolutionProperties) = preSolution
		HideSolutionNode = FALSE
	EndGlobalSection
	GlobalSection(ExtensibilityGlobals) = postSolution
		SolutionGuid = {7502461D-FE72-4932-9DD3-4F67783C4CE2}
	EndGlobalSection
EndGlobal
